<?xml version="1.0" encoding="utf-8"?>
<Project ToolsVersion="4.0" xmlns="http://schemas.microsoft.com/developer/msbuild/2003">
  <ItemGroup>
    <Filter Include="m">
      <UniqueIdentifier>{C1287BE5-5F63-492B-B196-A8251FD3276F}</UniqueIdentifier>
    </Filter>
  </ItemGroup>
  <ItemGroup>
    <ClCompile Include="m\xm.c">
      <Filter>m</Filter>
    </ClCompile>
    <ClCompile Include="m\cm.c">
      <Filter>m</Filter>
    </ClCompile>
  </ItemGroup>
  <ItemGroup>
    <ClInclude Include="m\cm.h">
      <Filter>m</Filter>
    </ClInclude>
  </ItemGroup>
</Project>