<?xml version="1.0" encoding="utf-8"?>
<Project ToolsVersion="4.0" xmlns="http://schemas.microsoft.com/developer/msbuild/2003">
  <ItemGroup>
    <Filter Include="m">
      <UniqueIdentifier>{00467702-27fd-4c2f-b164-bed8ada4d932}</UniqueIdentifier>
    </Filter>
  </ItemGroup>
  <ItemGroup>
    <ClCompile Include="m\m.c">
      <Filter>m</Filter>
    </ClCompile>
    <ClCompile Include="m\mprotocol.c">
      <Filter>m</Filter>
    </ClCompile>
    <ClCompile Include="m\protocol_shof.c">
      <Filter>m</Filter>
    </ClCompile>
    <ClCompile Include="m\util.c">
      <Filter>m</Filter>
    </ClCompile>
  </ItemGroup>
  <ItemGroup>
    <ClInclude Include="m\mprotocol.h">
      <Filter>m</Filter>
    </ClInclude>
    <ClInclude Include="m\protocol_shof.h">
      <Filter>m</Filter>
    </ClInclude>
    <ClInclude Include="m\util.h">
      <Filter>m</Filter>
    </ClInclude>
    <ClInclude Include="m\m.h">
      <Filter>m</Filter>
    </ClInclude>
  </ItemGroup>
</Project>